
Microsoft Visual Studio Solution File, Format Version 12.00
# Visual Studio Version 17
VisualStudioVersion = 17.5.33424.131
MinimumVisualStudioVersion = 10.0.40219.1
Project("{FAE04EC0-301F-11D3-BF4B-00C04F79EFBC}") = "Mcc", "Mcc\Mcc.csproj", "{7BAA699F-6A6E-49CB-A11A-CF15864B0AF4}"
EndProject
Project("{FAE04EC0-301F-11D3-BF4B-00C04F79EFBC}") = "Mcc.Cqrs", "Mcc.Cqrs\Mcc.Cqrs.csproj", "{9B2AD579-0A06-4A5C-BC54-CCD2875CD21A}"
EndProject
Project("{FAE04EC0-301F-11D3-BF4B-00C04F79EFBC}") = "Mcc.Ddd", "Mcc.Ddd\Mcc.Ddd.csproj", "{2EC1A9C9-4C3D-4BA9-899F-5F5B888E51C6}"
EndProject
Project("{FAE04EC0-301F-11D3-BF4B-00C04F79EFBC}") = "Mcc.Repository", "Mcc.Repository\Mcc.Repository.csproj", "{53239F36-475A-4B80-8E1C-A2ED1E9140AE}"
EndProject
Project("{FAE04EC0-301F-11D3-BF4B-00C04F79EFBC}") = "Mcc.EventSourcing", "Mcc.EventSourcing\Mcc.EventSourcing.csproj", "{5A50C196-E4D2-4F5A-BCB8-48B68DE770A6}"
EndProject
Global
	GlobalSection(SolutionConfigurationPlatforms) = preSolution
		Debug|Any CPU = Debug|Any CPU
		Release|Any CPU = Release|Any CPU
	EndGlobalSection
	GlobalSection(ProjectConfigurationPlatforms) = postSolution
		{7BAA699F-6A6E-49CB-A11A-CF15864B0AF4}.Debug|Any CPU.ActiveCfg = Debug|Any CPU
		{7BAA699F-6A6E-49CB-A11A-CF15864B0AF4}.Debug|Any CPU.Build.0 = Debug|Any CPU
		{7BAA699F-6A6E-49CB-A11A-CF15864B0AF4}.Release|Any CPU.ActiveCfg = Release|Any CPU
		{7BAA699F-6A6E-49CB-A11A-CF15864B0AF4}.Release|Any CPU.Build.0 = Release|Any CPU
		{9B2AD579-0A06-4A5C-BC54-CCD2875CD21A}.Debug|Any CPU.ActiveCfg = Debug|Any CPU
		{9B2AD579-0A06-4A5C-BC54-CCD2875CD21A}.Debug|Any CPU.Build.0 = Debug|Any CPU
		{9B2AD579-0A06-4A5C-BC54-CCD2875CD21A}.Release|Any CPU.ActiveCfg = Release|Any CPU
		{9B2AD579-0A06-4A5C-BC54-CCD2875CD21A}.Release|Any CPU.Build.0 = Release|Any CPU
		{2EC1A9C9-4C3D-4BA9-899F-5F5B888E51C6}.Debug|Any CPU.ActiveCfg = Debug|Any CPU
		{2EC1A9C9-4C3D-4BA9-899F-5F5B888E51C6}.Debug|Any CPU.Build.0 = Debug|Any CPU
		{2EC1A9C9-4C3D-4BA9-899F-5F5B888E51C6}.Release|Any CPU.ActiveCfg = Release|Any CPU
		{2EC1A9C9-4C3D-4BA9-899F-5F5B888E51C6}.Release|Any CPU.Build.0 = Release|Any CPU
		{53239F36-475A-4B80-8E1C-A2ED1E9140AE}.Debug|Any CPU.ActiveCfg = Debug|Any CPU
		{53239F36-475A-4B80-8E1C-A2ED1E9140AE}.Debug|Any CPU.Build.0 = Debug|Any CPU
		{53239F36-475A-4B80-8E1C-A2ED1E9140AE}.Release|Any CPU.ActiveCfg = Release|Any CPU
		{53239F36-475A-4B80-8E1C-A2ED1E9140AE}.Release|Any CPU.Build.0 = Release|Any CPU
		{5A50C196-E4D2-4F5A-BCB8-48B68DE770A6}.Debug|Any CPU.ActiveCfg = Debug|Any CPU
		{5A50C196-E4D2-4F5A-BCB8-48B68DE770A6}.Debug|Any CPU.Build.0 = Debug|Any CPU
		{5A50C196-E4D2-4F5A-BCB8-48B68DE770A6}.Release|Any CPU.ActiveCfg = Release|Any CPU
		{5A50C196-E4D2-4F5A-BCB8-48B68DE770A6}.Release|Any CPU.Build.0 = Release|Any CPU
	EndGlobalSection
	GlobalSection(SolutionProperties) = preSolution
		HideSolutionNode = FALSE
	EndGlobalSection
	GlobalSection(ExtensibilityGlobals) = postSolution
		SolutionGuid = {A1D7AE9E-070C-4D34-BC60-A72B19EFF042}
	EndGlobalSection
EndGlobal
